// !$*UTF8*$!
{
	archiveVersion = 1;
	classes = {
	};
	objectVersion = 56;
	objects = {

/* Begin PBXBuildFile section */
		A31495D72C109BE4004314B6 /* PositionPlayer.swift in Sources */ = {isa = PBXBuildFile; fileRef = A31495D62C109BE4004314B6 /* PositionPlayer.swift */; };
		A31495D92C109F36004314B6 /* CreatePlayer.swift in Sources */ = {isa = PBXBuildFile; fileRef = A31495D82C109F36004314B6 /* CreatePlayer.swift */; };
		A31495DB2C109F98004314B6 /* PlayerModel.swift in Sources */ = {isa = PBXBuildFile; fileRef = A31495DA2C109F98004314B6 /* PlayerModel.swift */; };
		A31495DD2C10A8BF004314B6 /* Extensions.swift in Sources */ = {isa = PBXBuildFile; fileRef = A31495DC2C10A8BF004314B6 /* Extensions.swift */; };
		A3153A812C13024C00DDBF81 /* CreateMatch.swift in Sources */ = {isa = PBXBuildFile; fileRef = A3153A802C13024C00DDBF81 /* CreateMatch.swift */; };
		A3153A832C13053B00DDBF81 /* MatcgModel.swift in Sources */ = {isa = PBXBuildFile; fileRef = A3153A822C13053B00DDBF81 /* MatcgModel.swift */; };
		A3153A852C13205E00DDBF81 /* ListOfTeams.swift in Sources */ = {isa = PBXBuildFile; fileRef = A3153A842C13205E00DDBF81 /* ListOfTeams.swift */; };
		A3153A872C15946D00DDBF81 /* ScoreMatch.swift in Sources */ = {isa = PBXBuildFile; fileRef = A3153A862C15946D00DDBF81 /* ScoreMatch.swift */; };
		A3153A892C16F14300DDBF81 /* NotesView.swift in Sources */ = {isa = PBXBuildFile; fileRef = A3153A882C16F14300DDBF81 /* NotesView.swift */; };
		A3299DAF2C1026E500D5620F /* Hockey_MatchApp.swift in Sources */ = {isa = PBXBuildFile; fileRef = A3299DAE2C1026E500D5620F /* Hockey_MatchApp.swift */; };
		A3299DB32C1026E600D5620F /* Assets.xcassets in Resources */ = {isa = PBXBuildFile; fileRef = A3299DB22C1026E600D5620F /* Assets.xcassets */; };
		A3299DB62C1026E600D5620F /* Preview Assets.xcassets in Resources */ = {isa = PBXBuildFile; fileRef = A3299DB52C1026E600D5620F /* Preview Assets.xcassets */; };
		A3299DB82C1026E600D5620F /* Persistence.swift in Sources */ = {isa = PBXBuildFile; fileRef = A3299DB72C1026E600D5620F /* Persistence.swift */; };
		A3299DBB2C1026E600D5620F /* Hockey_Match.xcdatamodeld in Sources */ = {isa = PBXBuildFile; fileRef = A3299DB92C1026E600D5620F /* Hockey_Match.xcdatamodeld */; };
		A3299DC82C10289400D5620F /* HockeyValues.swift in Sources */ = {isa = PBXBuildFile; fileRef = A3299DC72C10289400D5620F /* HockeyValues.swift */; };
		A3299DCB2C10294100D5620F /* SplashView.swift in Sources */ = {isa = PBXBuildFile; fileRef = A3299DCA2C10294100D5620F /* SplashView.swift */; };
		A3299DCD2C10294800D5620F /* OnboardView.swift in Sources */ = {isa = PBXBuildFile; fileRef = A3299DCC2C10294800D5620F /* OnboardView.swift */; };
		A3299DD02C10296300D5620F /* TabViewHockey.swift in Sources */ = {isa = PBXBuildFile; fileRef = A3299DCF2C10296300D5620F /* TabViewHockey.swift */; };
		A3299DD22C10296C00D5620F /* SettingsView.swift in Sources */ = {isa = PBXBuildFile; fileRef = A3299DD12C10296C00D5620F /* SettingsView.swift */; };
		A3299DD42C10297400D5620F /* MatchesView.swift in Sources */ = {isa = PBXBuildFile; fileRef = A3299DD32C10297400D5620F /* MatchesView.swift */; };
		A3299DD62C10298C00D5620F /* TeamsView.swift in Sources */ = {isa = PBXBuildFile; fileRef = A3299DD52C10298C00D5620F /* TeamsView.swift */; };
		A3299DD82C10299600D5620F /* HomeVIew.swift in Sources */ = {isa = PBXBuildFile; fileRef = A3299DD72C10299600D5620F /* HomeVIew.swift */; };
		A3299DDA2C1041F700D5620F /* SplashViewModel.swift in Sources */ = {isa = PBXBuildFile; fileRef = A3299DD92C1041F700D5620F /* SplashViewModel.swift */; };
		A3299DDC2C1044B100D5620F /* OnboardingViewModel.swift in Sources */ = {isa = PBXBuildFile; fileRef = A3299DDB2C1044B100D5620F /* OnboardingViewModel.swift */; };
		A3299DDE2C1044C600D5620F /* OnboardingModel.swift in Sources */ = {isa = PBXBuildFile; fileRef = A3299DDD2C1044C600D5620F /* OnboardingModel.swift */; };
		A3299DE02C10493200D5620F /* WebService.swift in Sources */ = {isa = PBXBuildFile; fileRef = A3299DDF2C10493200D5620F /* WebService.swift */; };
		A3299DE22C10527400D5620F /* ImagePicker.swift in Sources */ = {isa = PBXBuildFile; fileRef = A3299DE12C10527400D5620F /* ImagePicker.swift */; };
		A3299DE42C10661900D5620F /* CreateTeam.swift in Sources */ = {isa = PBXBuildFile; fileRef = A3299DE32C10661900D5620F /* CreateTeam.swift */; };
		A3299DE62C10666600D5620F /* TeamModel.swift in Sources */ = {isa = PBXBuildFile; fileRef = A3299DE52C10666600D5620F /* TeamModel.swift */; };
		A3F4A29F2C20CCD300DBF3B5 /* Network.swift in Sources */ = {isa = PBXBuildFile; fileRef = A3F4A29E2C20CCD300DBF3B5 /* Network.swift */; };
		A3F4A2A32C20CD2D00DBF3B5 /* UserNetworkCheck.swift in Sources */ = {isa = PBXBuildFile; fileRef = A3F4A2A22C20CD2D00DBF3B5 /* UserNetworkCheck.swift */; };
		A3FA86482C11E82D00CF285C /* SlideAction.swift in Sources */ = {isa = PBXBuildFile; fileRef = A3FA86472C11E82D00CF285C /* SlideAction.swift */; };
		A3FA864A2C11F69700CF285C /* AboutTeam.swift in Sources */ = {isa = PBXBuildFile; fileRef = A3FA86492C11F69700CF285C /* AboutTeam.swift */; };
/* End PBXBuildFile section */

/* Begin PBXFileReference section */
		A31495D62C109BE4004314B6 /* PositionPlayer.swift */ = {isa = PBXFileReference; lastKnownFileType = sourcecode.swift; path = PositionPlayer.swift; sourceTree = "<group>"; };
		A31495D82C109F36004314B6 /* CreatePlayer.swift */ = {isa = PBXFileReference; lastKnownFileType = sourcecode.swift; path = CreatePlayer.swift; sourceTree = "<group>"; };
		A31495DA2C109F98004314B6 /* PlayerModel.swift */ = {isa = PBXFileReference; lastKnownFileType = sourcecode.swift; path = PlayerModel.swift; sourceTree = "<group>"; };
		A31495DC2C10A8BF004314B6 /* Extensions.swift */ = {isa = PBXFileReference; lastKnownFileType = sourcecode.swift; path = Extensions.swift; sourceTree = "<group>"; };
		A3153A802C13024C00DDBF81 /* CreateMatch.swift */ = {isa = PBXFileReference; lastKnownFileType = sourcecode.swift; path = CreateMatch.swift; sourceTree = "<group>"; };
		A3153A822C13053B00DDBF81 /* MatcgModel.swift */ = {isa = PBXFileReference; lastKnownFileType = sourcecode.swift; path = MatcgModel.swift; sourceTree = "<group>"; };
		A3153A842C13205E00DDBF81 /* ListOfTeams.swift */ = {isa = PBXFileReference; lastKnownFileType = sourcecode.swift; path = ListOfTeams.swift; sourceTree = "<group>"; };
		A3153A862C15946D00DDBF81 /* ScoreMatch.swift */ = {isa = PBXFileReference; lastKnownFileType = sourcecode.swift; path = ScoreMatch.swift; sourceTree = "<group>"; };
		A3153A882C16F14300DDBF81 /* NotesView.swift */ = {isa = PBXFileReference; lastKnownFileType = sourcecode.swift; path = NotesView.swift; sourceTree = "<group>"; };
		A3299DAB2C1026E500D5620F /* Hockey Match.app */ = {isa = PBXFileReference; explicitFileType = wrapper.application; includeInIndex = 0; path = "Hockey Match.app"; sourceTree = BUILT_PRODUCTS_DIR; };
		A3299DAE2C1026E500D5620F /* Hockey_MatchApp.swift */ = {isa = PBXFileReference; lastKnownFileType = sourcecode.swift; path = Hockey_MatchApp.swift; sourceTree = "<group>"; };
		A3299DB22C1026E600D5620F /* Assets.xcassets */ = {isa = PBXFileReference; lastKnownFileType = folder.assetcatalog; path = Assets.xcassets; sourceTree = "<group>"; };
		A3299DB52C1026E600D5620F /* Preview Assets.xcassets */ = {isa = PBXFileReference; lastKnownFileType = folder.assetcatalog; path = "Preview Assets.xcassets"; sourceTree = "<group>"; };
		A3299DB72C1026E600D5620F /* Persistence.swift */ = {isa = PBXFileReference; lastKnownFileType = sourcecode.swift; path = Persistence.swift; sourceTree = "<group>"; };
		A3299DBA2C1026E600D5620F /* Hockey_Match.xcdatamodel */ = {isa = PBXFileReference; lastKnownFileType = wrapper.xcdatamodel; path = Hockey_Match.xcdatamodel; sourceTree = "<group>"; };
		A3299DC72C10289400D5620F /* HockeyValues.swift */ = {isa = PBXFileReference; lastKnownFileType = sourcecode.swift; path = HockeyValues.swift; sourceTree = "<group>"; };
		A3299DCA2C10294100D5620F /* SplashView.swift */ = {isa = PBXFileReference; lastKnownFileType = sourcecode.swift; path = SplashView.swift; sourceTree = "<group>"; };
		A3299DCC2C10294800D5620F /* OnboardView.swift */ = {isa = PBXFileReference; lastKnownFileType = sourcecode.swift; path = OnboardView.swift; sourceTree = "<group>"; };
		A3299DCF2C10296300D5620F /* TabViewHockey.swift */ = {isa = PBXFileReference; lastKnownFileType = sourcecode.swift; path = TabViewHockey.swift; sourceTree = "<group>"; };
		A3299DD12C10296C00D5620F /* SettingsView.swift */ = {isa = PBXFileReference; lastKnownFileType = sourcecode.swift; path = SettingsView.swift; sourceTree = "<group>"; };
		A3299DD32C10297400D5620F /* MatchesView.swift */ = {isa = PBXFileReference; lastKnownFileType = sourcecode.swift; path = MatchesView.swift; sourceTree = "<group>"; };
		A3299DD52C10298C00D5620F /* TeamsView.swift */ = {isa = PBXFileReference; lastKnownFileType = sourcecode.swift; path = TeamsView.swift; sourceTree = "<group>"; };
		A3299DD72C10299600D5620F /* HomeVIew.swift */ = {isa = PBXFileReference; lastKnownFileType = sourcecode.swift; path = HomeVIew.swift; sourceTree = "<group>"; };
		A3299DD92C1041F700D5620F /* SplashViewModel.swift */ = {isa = PBXFileReference; lastKnownFileType = sourcecode.swift; path = SplashViewModel.swift; sourceTree = "<group>"; };
		A3299DDB2C1044B100D5620F /* OnboardingViewModel.swift */ = {isa = PBXFileReference; lastKnownFileType = sourcecode.swift; path = OnboardingViewModel.swift; sourceTree = "<group>"; };
		A3299DDD2C1044C600D5620F /* OnboardingModel.swift */ = {isa = PBXFileReference; lastKnownFileType = sourcecode.swift; path = OnboardingModel.swift; sourceTree = "<group>"; };
		A3299DDF2C10493200D5620F /* WebService.swift */ = {isa = PBXFileReference; lastKnownFileType = sourcecode.swift; path = WebService.swift; sourceTree = "<group>"; };
		A3299DE12C10527400D5620F /* ImagePicker.swift */ = {isa = PBXFileReference; lastKnownFileType = sourcecode.swift; path = ImagePicker.swift; sourceTree = "<group>"; };
		A3299DE32C10661900D5620F /* CreateTeam.swift */ = {isa = PBXFileReference; lastKnownFileType = sourcecode.swift; path = CreateTeam.swift; sourceTree = "<group>"; };
		A3299DE52C10666600D5620F /* TeamModel.swift */ = {isa = PBXFileReference; lastKnownFileType = sourcecode.swift; path = TeamModel.swift; sourceTree = "<group>"; };
		A3F4A29E2C20CCD300DBF3B5 /* Network.swift */ = {isa = PBXFileReference; lastKnownFileType = sourcecode.swift; path = Network.swift; sourceTree = "<group>"; };
		A3F4A2A22C20CD2D00DBF3B5 /* UserNetworkCheck.swift */ = {isa = PBXFileReference; lastKnownFileType = sourcecode.swift; path = UserNetworkCheck.swift; sourceTree = "<group>"; };
		A3FA86472C11E82D00CF285C /* SlideAction.swift */ = {isa = PBXFileReference; lastKnownFileType = sourcecode.swift; path = SlideAction.swift; sourceTree = "<group>"; };
		A3FA86492C11F69700CF285C /* AboutTeam.swift */ = {isa = PBXFileReference; lastKnownFileType = sourcecode.swift; path = AboutTeam.swift; sourceTree = "<group>"; };
/* End PBXFileReference section */

/* Begin PBXFrameworksBuildPhase section */
		A3299DA82C1026E500D5620F /* Frameworks */ = {
			isa = PBXFrameworksBuildPhase;
			buildActionMask = 2147483647;
			files = (
			);
			runOnlyForDeploymentPostprocessing = 0;
		};
/* End PBXFrameworksBuildPhase section */

/* Begin PBXGroup section */
		A3299DA22C1026E500D5620F = {
			isa = PBXGroup;
			children = (
				A3299DAD2C1026E500D5620F /* Hockey Match */,
				A3299DAC2C1026E500D5620F /* Products */,
			);
			sourceTree = "<group>";
		};
		A3299DAC2C1026E500D5620F /* Products */ = {
			isa = PBXGroup;
			children = (
				A3299DAB2C1026E500D5620F /* Hockey Match.app */,
			);
			name = Products;
			sourceTree = "<group>";
		};
		A3299DAD2C1026E500D5620F /* Hockey Match */ = {
			isa = PBXGroup;
			children = (
				A3299DC12C10285100D5620F /* Services */,
				A3299DC62C10287C00D5620F /* Extensions */,
				A3299DC52C10287000D5620F /* Model */,
				A3299DC42C10286700D5620F /* ViewModel */,
				A3299DC32C10285F00D5620F /* Subview */,
				A3299DC22C10285800D5620F /* View */,
				A3299DAE2C1026E500D5620F /* Hockey_MatchApp.swift */,
				A3299DB22C1026E600D5620F /* Assets.xcassets */,
				A3299DB92C1026E600D5620F /* Hockey_Match.xcdatamodeld */,
				A3299DB42C1026E600D5620F /* Preview Content */,
				A3299DC72C10289400D5620F /* HockeyValues.swift */,
			);
			path = "Hockey Match";
			sourceTree = "<group>";
		};
		A3299DB42C1026E600D5620F /* Preview Content */ = {
			isa = PBXGroup;
			children = (
				A3299DB52C1026E600D5620F /* Preview Assets.xcassets */,
			);
			path = "Preview Content";
			sourceTree = "<group>";
		};
		A3299DC12C10285100D5620F /* Services */ = {
			isa = PBXGroup;
			children = (
				A3299DB72C1026E600D5620F /* Persistence.swift */,
				A3299DDF2C10493200D5620F /* WebService.swift */,
				A3299DE12C10527400D5620F /* ImagePicker.swift */,
				A3FA86472C11E82D00CF285C /* SlideAction.swift */,
				A3F4A29E2C20CCD300DBF3B5 /* Network.swift */,
				A3F4A2A22C20CD2D00DBF3B5 /* UserNetworkCheck.swift */,
			);
			path = Services;
			sourceTree = "<group>";
		};
		A3299DC22C10285800D5620F /* View */ = {
			isa = PBXGroup;
			children = (
				A3299DD12C10296C00D5620F /* SettingsView.swift */,
				A3299DD32C10297400D5620F /* MatchesView.swift */,
				A3299DD52C10298C00D5620F /* TeamsView.swift */,
				A3299DD72C10299600D5620F /* HomeVIew.swift */,
				A3299DCF2C10296300D5620F /* TabViewHockey.swift */,
				A3299DCC2C10294800D5620F /* OnboardView.swift */,
				A3299DCA2C10294100D5620F /* SplashView.swift */,
			);
			path = View;
			sourceTree = "<group>";
		};
		A3299DC32C10285F00D5620F /* Subview */ = {
			isa = PBXGroup;
			children = (
				A3299DE32C10661900D5620F /* CreateTeam.swift */,
				A31495D82C109F36004314B6 /* CreatePlayer.swift */,
				A3FA86492C11F69700CF285C /* AboutTeam.swift */,
				A3153A802C13024C00DDBF81 /* CreateMatch.swift */,
				A3153A842C13205E00DDBF81 /* ListOfTeams.swift */,
				A3153A862C15946D00DDBF81 /* ScoreMatch.swift */,
				A3153A882C16F14300DDBF81 /* NotesView.swift */,
			);
			path = Subview;
			sourceTree = "<group>";
		};
		A3299DC42C10286700D5620F /* ViewModel */ = {
			isa = PBXGroup;
			children = (
				A3299DD92C1041F700D5620F /* SplashViewModel.swift */,
				A3299DDB2C1044B100D5620F /* OnboardingViewModel.swift */,
			);
			path = ViewModel;
			sourceTree = "<group>";
		};
		A3299DC52C10287000D5620F /* Model */ = {
			isa = PBXGroup;
			children = (
				A3299DDD2C1044C600D5620F /* OnboardingModel.swift */,
				A3299DE52C10666600D5620F /* TeamModel.swift */,
				A31495D62C109BE4004314B6 /* PositionPlayer.swift */,
				A31495DA2C109F98004314B6 /* PlayerModel.swift */,
				A3153A822C13053B00DDBF81 /* MatcgModel.swift */,
			);
			path = Model;
			sourceTree = "<group>";
		};
		A3299DC62C10287C00D5620F /* Extensions */ = {
			isa = PBXGroup;
			children = (
				A31495DC2C10A8BF004314B6 /* Extensions.swift */,
			);
			path = Extensions;
			sourceTree = "<group>";
		};
/* End PBXGroup section */

/* Begin PBXNativeTarget section */
		A3299DAA2C1026E500D5620F /* Hockey Match */ = {
			isa = PBXNativeTarget;
			buildConfigurationList = A3299DBE2C1026E600D5620F /* Build configuration list for PBXNativeTarget "Hockey Match" */;
			buildPhases = (
				A3299DA72C1026E500D5620F /* Sources */,
				A3299DA82C1026E500D5620F /* Frameworks */,
				A3299DA92C1026E500D5620F /* Resources */,
			);
			buildRules = (
			);
			dependencies = (
			);
			name = "Hockey Match";
			productName = "Hockey Match";
			productReference = A3299DAB2C1026E500D5620F /* Hockey Match.app */;
			productType = "com.apple.product-type.application";
		};
/* End PBXNativeTarget section */

/* Begin PBXProject section */
		A3299DA32C1026E500D5620F /* Project object */ = {
			isa = PBXProject;
			attributes = {
				BuildIndependentTargetsInParallel = 1;
				LastSwiftUpdateCheck = 1530;
				LastUpgradeCheck = 1530;
				TargetAttributes = {
					A3299DAA2C1026E500D5620F = {
						CreatedOnToolsVersion = 15.3;
					};
				};
			};
			buildConfigurationList = A3299DA62C1026E500D5620F /* Build configuration list for PBXProject "Hockey Match" */;
			compatibilityVersion = "Xcode 14.0";
			developmentRegion = en;
			hasScannedForEncodings = 0;
			knownRegions = (
				en,
				Base,
			);
			mainGroup = A3299DA22C1026E500D5620F;
			productRefGroup = A3299DAC2C1026E500D5620F /* Products */;
			projectDirPath = "";
			projectRoot = "";
			targets = (
				A3299DAA2C1026E500D5620F /* Hockey Match */,
			);
		};
/* End PBXProject section */

/* Begin PBXResourcesBuildPhase section */
		A3299DA92C1026E500D5620F /* Resources */ = {
			isa = PBXResourcesBuildPhase;
			buildActionMask = 2147483647;
			files = (
				A3299DB62C1026E600D5620F /* Preview Assets.xcassets in Resources */,
				A3299DB32C1026E600D5620F /* Assets.xcassets in Resources */,
			);
			runOnlyForDeploymentPostprocessing = 0;
		};
/* End PBXResourcesBuildPhase section */

/* Begin PBXSourcesBuildPhase section */
		A3299DA72C1026E500D5620F /* Sources */ = {
			isa = PBXSourcesBuildPhase;
			buildActionMask = 2147483647;
			files = (
				A3299DCD2C10294800D5620F /* OnboardView.swift in Sources */,
				A3299DBB2C1026E600D5620F /* Hockey_Match.xcdatamodeld in Sources */,
				A31495D92C109F36004314B6 /* CreatePlayer.swift in Sources */,
				A3299DE62C10666600D5620F /* TeamModel.swift in Sources */,
				A3153A892C16F14300DDBF81 /* NotesView.swift in Sources */,
				A3299DB82C1026E600D5620F /* Persistence.swift in Sources */,
				A3299DE02C10493200D5620F /* WebService.swift in Sources */,
				A3FA86482C11E82D00CF285C /* SlideAction.swift in Sources */,
				A31495DB2C109F98004314B6 /* PlayerModel.swift in Sources */,
				A3299DD42C10297400D5620F /* MatchesView.swift in Sources */,
				A3F4A2A32C20CD2D00DBF3B5 /* UserNetworkCheck.swift in Sources */,
				A3153A812C13024C00DDBF81 /* CreateMatch.swift in Sources */,
				A3299DD22C10296C00D5620F /* SettingsView.swift in Sources */,
				A31495DD2C10A8BF004314B6 /* Extensions.swift in Sources */,
				A3299DDC2C1044B100D5620F /* OnboardingViewModel.swift in Sources */,
				A3299DD02C10296300D5620F /* TabViewHockey.swift in Sources */,
				A3153A852C13205E00DDBF81 /* ListOfTeams.swift in Sources */,
				A3299DD62C10298C00D5620F /* TeamsView.swift in Sources */,
				A3299DE42C10661900D5620F /* CreateTeam.swift in Sources */,
				A31495D72C109BE4004314B6 /* PositionPlayer.swift in Sources */,
				A3299DDA2C1041F700D5620F /* SplashViewModel.swift in Sources */,
				A3F4A29F2C20CCD300DBF3B5 /* Network.swift in Sources */,
				A3153A832C13053B00DDBF81 /* MatcgModel.swift in Sources */,
				A3299DC82C10289400D5620F /* HockeyValues.swift in Sources */,
				A3299DDE2C1044C600D5620F /* OnboardingModel.swift in Sources */,
				A3299DD82C10299600D5620F /* HomeVIew.swift in Sources */,
				A3FA864A2C11F69700CF285C /* AboutTeam.swift in Sources */,
				A3153A872C15946D00DDBF81 /* ScoreMatch.swift in Sources */,
				A3299DE22C10527400D5620F /* ImagePicker.swift in Sources */,
				A3299DAF2C1026E500D5620F /* Hockey_MatchApp.swift in Sources */,
				A3299DCB2C10294100D5620F /* SplashView.swift in Sources */,
			);
			runOnlyForDeploymentPostprocessing = 0;
		};
/* End PBXSourcesBuildPhase section */

/* Begin XCBuildConfiguration section */
		A3299DBC2C1026E600D5620F /* Debug */ = {
			isa = XCBuildConfiguration;
			buildSettings = {
				ALWAYS_SEARCH_USER_PATHS = NO;
				ASSETCATALOG_COMPILER_GENERATE_SWIFT_ASSET_SYMBOL_EXTENSIONS = YES;
				CLANG_ANALYZER_NONNULL = YES;
				CLANG_ANALYZER_NUMBER_OBJECT_CONVERSION = YES_AGGRESSIVE;
				CLANG_CXX_LANGUAGE_STANDARD = "gnu++20";
				CLANG_ENABLE_MODULES = YES;
				CLANG_ENABLE_OBJC_ARC = YES;
				CLANG_ENABLE_OBJC_WEAK = YES;
				CLANG_WARN_BLOCK_CAPTURE_AUTORELEASING = YES;
				CLANG_WARN_BOOL_CONVERSION = YES;
				CLANG_WARN_COMMA = YES;
				CLANG_WARN_CONSTANT_CONVERSION = YES;
				CLANG_WARN_DEPRECATED_OBJC_IMPLEMENTATIONS = YES;
				CLANG_WARN_DIRECT_OBJC_ISA_USAGE = YES_ERROR;
				CLANG_WARN_DOCUMENTATION_COMMENTS = YES;
				CLANG_WARN_EMPTY_BODY = YES;
				CLANG_WARN_ENUM_CONVERSION = YES;
				CLANG_WARN_INFINITE_RECURSION = YES;
				CLANG_WARN_INT_CONVERSION = YES;
				CLANG_WARN_NON_LITERAL_NULL_CONVERSION = YES;
				CLANG_WARN_OBJC_IMPLICIT_RETAIN_SELF = YES;
				CLANG_WARN_OBJC_LITERAL_CONVERSION = YES;
				CLANG_WARN_OBJC_ROOT_CLASS = YES_ERROR;
				CLANG_WARN_QUOTED_INCLUDE_IN_FRAMEWORK_HEADER = YES;
				CLANG_WARN_RANGE_LOOP_ANALYSIS = YES;
				CLANG_WARN_STRICT_PROTOTYPES = YES;
				CLANG_WARN_SUSPICIOUS_MOVE = YES;
				CLANG_WARN_UNGUARDED_AVAILABILITY = YES_AGGRESSIVE;
				CLANG_WARN_UNREACHABLE_CODE = YES;
				CLANG_WARN__DUPLICATE_METHOD_MATCH = YES;
				COPY_PHASE_STRIP = NO;
				DEBUG_INFORMATION_FORMAT = dwarf;
				ENABLE_STRICT_OBJC_MSGSEND = YES;
				ENABLE_TESTABILITY = YES;
				ENABLE_USER_SCRIPT_SANDBOXING = YES;
				GCC_C_LANGUAGE_STANDARD = gnu17;
				GCC_DYNAMIC_NO_PIC = NO;
				GCC_NO_COMMON_BLOCKS = YES;
				GCC_OPTIMIZATION_LEVEL = 0;
				GCC_PREPROCESSOR_DEFINITIONS = (
					"DEBUG=1",
					"$(inherited)",
				);
				GCC_WARN_64_TO_32_BIT_CONVERSION = YES;
				GCC_WARN_ABOUT_RETURN_TYPE = YES_ERROR;
				GCC_WARN_UNDECLARED_SELECTOR = YES;
				GCC_WARN_UNINITIALIZED_AUTOS = YES_AGGRESSIVE;
				GCC_WARN_UNUSED_FUNCTION = YES;
				GCC_WARN_UNUSED_VARIABLE = YES;
				IPHONEOS_DEPLOYMENT_TARGET = 17.4;
				LOCALIZATION_PREFERS_STRING_CATALOGS = YES;
				MTL_ENABLE_DEBUG_INFO = INCLUDE_SOURCE;
				MTL_FAST_MATH = YES;
				ONLY_ACTIVE_ARCH = YES;
				SDKROOT = iphoneos;
				SWIFT_ACTIVE_COMPILATION_CONDITIONS = "DEBUG $(inherited)";
				SWIFT_OPTIMIZATION_LEVEL = "-Onone";
			};
			name = Debug;
		};
		A3299DBD2C1026E600D5620F /* Release */ = {
			isa = XCBuildConfiguration;
			buildSettings = {
				ALWAYS_SEARCH_USER_PATHS = NO;
				ASSETCATALOG_COMPILER_GENERATE_SWIFT_ASSET_SYMBOL_EXTENSIONS = YES;
				CLANG_ANALYZER_NONNULL = YES;
				CLANG_ANALYZER_NUMBER_OBJECT_CONVERSION = YES_AGGRESSIVE;
				CLANG_CXX_LANGUAGE_STANDARD = "gnu++20";
				CLANG_ENABLE_MODULES = YES;
				CLANG_ENABLE_OBJC_ARC = YES;
				CLANG_ENABLE_OBJC_WEAK = YES;
				CLANG_WARN_BLOCK_CAPTURE_AUTORELEASING = YES;
				CLANG_WARN_BOOL_CONVERSION = YES;
				CLANG_WARN_COMMA = YES;
				CLANG_WARN_CONSTANT_CONVERSION = YES;
				CLANG_WARN_DEPRECATED_OBJC_IMPLEMENTATIONS = YES;
				CLANG_WARN_DIRECT_OBJC_ISA_USAGE = YES_ERROR;
				CLANG_WARN_DOCUMENTATION_COMMENTS = YES;
				CLANG_WARN_EMPTY_BODY = YES;
				CLANG_WARN_ENUM_CONVERSION = YES;
				CLANG_WARN_INFINITE_RECURSION = YES;
				CLANG_WARN_INT_CONVERSION = YES;
				CLANG_WARN_NON_LITERAL_NULL_CONVERSION = YES;
				CLANG_WARN_OBJC_IMPLICIT_RETAIN_SELF = YES;
				CLANG_WARN_OBJC_LITERAL_CONVERSION = YES;
				CLANG_WARN_OBJC_ROOT_CLASS = YES_ERROR;
				CLANG_WARN_QUOTED_INCLUDE_IN_FRAMEWORK_HEADER = YES;
				CLANG_WARN_RANGE_LOOP_ANALYSIS = YES;
				CLANG_WARN_STRICT_PROTOTYPES = YES;
				CLANG_WARN_SUSPICIOUS_MOVE = YES;
				CLANG_WARN_UNGUARDED_AVAILABILITY = YES_AGGRESSIVE;
				CLANG_WARN_UNREACHABLE_CODE = YES;
				CLANG_WARN__DUPLICATE_METHOD_MATCH = YES;
				COPY_PHASE_STRIP = NO;
				DEBUG_INFORMATION_FORMAT = "dwarf-with-dsym";
				ENABLE_NS_ASSERTIONS = NO;
				ENABLE_STRICT_OBJC_MSGSEND = YES;
				ENABLE_USER_SCRIPT_SANDBOXING = YES;
				GCC_C_LANGUAGE_STANDARD = gnu17;
				GCC_NO_COMMON_BLOCKS = YES;
				GCC_WARN_64_TO_32_BIT_CONVERSION = YES;
				GCC_WARN_ABOUT_RETURN_TYPE = YES_ERROR;
				GCC_WARN_UNDECLARED_SELECTOR = YES;
				GCC_WARN_UNINITIALIZED_AUTOS = YES_AGGRESSIVE;
				GCC_WARN_UNUSED_FUNCTION = YES;
				GCC_WARN_UNUSED_VARIABLE = YES;
				IPHONEOS_DEPLOYMENT_TARGET = 17.4;
				LOCALIZATION_PREFERS_STRING_CATALOGS = YES;
				MTL_ENABLE_DEBUG_INFO = NO;
				MTL_FAST_MATH = YES;
				SDKROOT = iphoneos;
				SWIFT_COMPILATION_MODE = wholemodule;
				VALIDATE_PRODUCT = YES;
			};
			name = Release;
		};
		A3299DBF2C1026E600D5620F /* Debug */ = {
			isa = XCBuildConfiguration;
			buildSettings = {
				ASSETCATALOG_COMPILER_APPICON_NAME = AppIcon;
				ASSETCATALOG_COMPILER_GLOBAL_ACCENT_COLOR_NAME = AccentColor;
				CODE_SIGN_STYLE = Automatic;
				CURRENT_PROJECT_VERSION = 1;
				DEVELOPMENT_ASSET_PATHS = "\"Hockey Match/Preview Content\"";
				ENABLE_PREVIEWS = YES;
				GENERATE_INFOPLIST_FILE = YES;
				INFOPLIST_KEY_UIApplicationSceneManifest_Generation = YES;
				INFOPLIST_KEY_UIApplicationSupportsIndirectInputEvents = YES;
				INFOPLIST_KEY_UILaunchScreen_Generation = YES;
				INFOPLIST_KEY_UISupportedInterfaceOrientations_iPad = "UIInterfaceOrientationPortrait UIInterfaceOrientationPortraitUpsideDown UIInterfaceOrientationLandscapeLeft UIInterfaceOrientationLandscapeRight";
				INFOPLIST_KEY_UISupportedInterfaceOrientations_iPhone = "UIInterfaceOrientationPortrait UIInterfaceOrientationLandscapeLeft UIInterfaceOrientationLandscapeRight";
				IPHONEOS_DEPLOYMENT_TARGET = 14.0;
				LD_RUNPATH_SEARCH_PATHS = (
					"$(inherited)",
					"@executable_path/Frameworks",
				);
				MARKETING_VERSION = 1.0;
				PRODUCT_BUNDLE_IDENTIFIER = "DF.Hockey-Match";
				PRODUCT_NAME = "$(TARGET_NAME)";
				SUPPORTED_PLATFORMS = "iphoneos iphonesimulator";
				SUPPORTS_MACCATALYST = NO;
				SUPPORTS_MAC_DESIGNED_FOR_IPHONE_IPAD = NO;
				SUPPORTS_XR_DESIGNED_FOR_IPHONE_IPAD = NO;
				SWIFT_EMIT_LOC_STRINGS = YES;
				SWIFT_VERSION = 5.0;
				TARGETED_DEVICE_FAMILY = "1,2";
			};
			name = Debug;
		};
		A3299DC02C1026E600D5620F /* Release */ = {
			isa = XCBuildConfiguration;
			buildSettings = {
				ASSETCATALOG_COMPILER_APPICON_NAME = AppIcon;
				ASSETCATALOG_COMPILER_GLOBAL_ACCENT_COLOR_NAME = AccentColor;
				CODE_SIGN_STYLE = Automatic;
				CURRENT_PROJECT_VERSION = 1;
				DEVELOPMENT_ASSET_PATHS = "\"Hockey Match/Preview Content\"";
				ENABLE_PREVIEWS = YES;
				GENERATE_INFOPLIST_FILE = YES;
				INFOPLIST_KEY_UIApplicationSceneManifest_Generation = YES;
				INFOPLIST_KEY_UIApplicationSupportsIndirectInputEvents = YES;
				INFOPLIST_KEY_UILaunchScreen_Generation = YES;
				INFOPLIST_KEY_UISupportedInterfaceOrientations_iPad = "UIInterfaceOrientationPortrait UIInterfaceOrientationPortraitUpsideDown UIInterfaceOrientationLandscapeLeft UIInterfaceOrientationLandscapeRight";
				INFOPLIST_KEY_UISupportedInterfaceOrientations_iPhone = "UIInterfaceOrientationPortrait UIInterfaceOrientationLandscapeLeft UIInterfaceOrientationLandscapeRight";
				IPHONEOS_DEPLOYMENT_TARGET = 14.0;
				LD_RUNPATH_SEARCH_PATHS = (
					"$(inherited)",
					"@executable_path/Frameworks",
				);
				MARKETING_VERSION = 1.0;
				PRODUCT_BUNDLE_IDENTIFIER = "DF.Hockey-Match";
				PRODUCT_NAME = "$(TARGET_NAME)";
				SUPPORTED_PLATFORMS = "iphoneos iphonesimulator";
				SUPPORTS_MACCATALYST = NO;
				SUPPORTS_MAC_DESIGNED_FOR_IPHONE_IPAD = NO;
				SUPPORTS_XR_DESIGNED_FOR_IPHONE_IPAD = NO;
				SWIFT_EMIT_LOC_STRINGS = YES;
				SWIFT_VERSION = 5.0;
				TARGETED_DEVICE_FAMILY = "1,2";
			};
			name = Release;
		};
/* End XCBuildConfiguration section */

/* Begin XCConfigurationList section */
		A3299DA62C1026E500D5620F /* Build configuration list for PBXProject "Hockey Match" */ = {
			isa = XCConfigurationList;
			buildConfigurations = (
				A3299DBC2C1026E600D5620F /* Debug */,
				A3299DBD2C1026E600D5620F /* Release */,
			);
			defaultConfigurationIsVisible = 0;
			defaultConfigurationName = Release;
		};
		A3299DBE2C1026E600D5620F /* Build configuration list for PBXNativeTarget "Hockey Match" */ = {
			isa = XCConfigurationList;
			buildConfigurations = (
				A3299DBF2C1026E600D5620F /* Debug */,
				A3299DC02C1026E600D5620F /* Release */,
			);
			defaultConfigurationIsVisible = 0;
			defaultConfigurationName = Release;
		};
/* End XCConfigurationList section */

/* Begin XCVersionGroup section */
		A3299DB92C1026E600D5620F /* Hockey_Match.xcdatamodeld */ = {
			isa = XCVersionGroup;
			children = (
				A3299DBA2C1026E600D5620F /* Hockey_Match.xcdatamodel */,
			);
			currentVersion = A3299DBA2C1026E600D5620F /* Hockey_Match.xcdatamodel */;
			path = Hockey_Match.xcdatamodeld;
			sourceTree = "<group>";
			versionGroupType = wrapper.xcdatamodel;
		};
/* End XCVersionGroup section */
	};
	rootObject = A3299DA32C1026E500D5620F /* Project object */;
}
